
Microsoft Visual Studio Solution File, Format Version 12.00
# Visual Studio Version 16
VisualStudioVersion = 16.0.31911.196
MinimumVisualStudioVersion = 10.0.40219.1
Project("{FAE04EC0-301F-11D3-BF4B-00C04F79EFBC}") = "ExemploApiWeb01", "ExemploApiWeb01\ExemploApiWeb01.csproj", "{6950C74F-3B28-4AE6-830B-F67BD334968B}"
EndProject
Global
	GlobalSection(SolutionConfigurationPlatforms) = preSolution
		Debug|Any CPU = Debug|Any CPU
		Release|Any CPU = Release|Any CPU
	EndGlobalSection
	GlobalSection(ProjectConfigurationPlatforms) = postSolution
		{6950C74F-3B28-4AE6-830B-F67BD334968B}.Debug|Any CPU.ActiveCfg = Debug|Any CPU
		{6950C74F-3B28-4AE6-830B-F67BD334968B}.Debug|Any CPU.Build.0 = Debug|Any CPU
		{6950C74F-3B28-4AE6-830B-F67BD334968B}.Release|Any CPU.ActiveCfg = Release|Any CPU
		{6950C74F-3B28-4AE6-830B-F67BD334968B}.Release|Any CPU.Build.0 = Release|Any CPU
	EndGlobalSection
	GlobalSection(SolutionProperties) = preSolution
		HideSolutionNode = FALSE
	EndGlobalSection
	GlobalSection(ExtensibilityGlobals) = postSolution
		SolutionGuid = {1F1A58F9-1B82-4A0A-B83C-AE34348D2FCE}
	EndGlobalSection
EndGlobal
