
Microsoft Visual Studio Solution File, Format Version 12.00
# Visual Studio Version 16
VisualStudioVersion = 16.0.31729.503
MinimumVisualStudioVersion = 10.0.40219.1
Project("{FAE04EC0-301F-11D3-BF4B-00C04F79EFBC}") = "teste", "teste\teste.csproj", "{3D7587D3-7B38-496E-981A-09653E2065BE}"
EndProject
Global
	GlobalSection(SolutionConfigurationPlatforms) = preSolution
		Debug|Any CPU = Debug|Any CPU
		Release|Any CPU = Release|Any CPU
	EndGlobalSection
	GlobalSection(ProjectConfigurationPlatforms) = postSolution
		{3D7587D3-7B38-496E-981A-09653E2065BE}.Debug|Any CPU.ActiveCfg = Debug|Any CPU
		{3D7587D3-7B38-496E-981A-09653E2065BE}.Debug|Any CPU.Build.0 = Debug|Any CPU
		{3D7587D3-7B38-496E-981A-09653E2065BE}.Release|Any CPU.ActiveCfg = Release|Any CPU
		{3D7587D3-7B38-496E-981A-09653E2065BE}.Release|Any CPU.Build.0 = Release|Any CPU
	EndGlobalSection
	GlobalSection(SolutionProperties) = preSolution
		HideSolutionNode = FALSE
	EndGlobalSection
	GlobalSection(ExtensibilityGlobals) = postSolution
		SolutionGuid = {637EEA6C-B4AE-498B-94BC-29BE632896F2}
	EndGlobalSection
EndGlobal
