
Microsoft Visual Studio Solution File, Format Version 12.00
# Visual Studio Version 16
VisualStudioVersion = 16.0.31911.196
MinimumVisualStudioVersion = 10.0.40219.1
Project("{FAE04EC0-301F-11D3-BF4B-00C04F79EFBC}") = "Filmes2", "Filmes2\Filmes2.csproj", "{2C7A7183-B258-4C07-9715-5BE347C17060}"
EndProject
Global
	GlobalSection(SolutionConfigurationPlatforms) = preSolution
		Debug|Any CPU = Debug|Any CPU
		Release|Any CPU = Release|Any CPU
	EndGlobalSection
	GlobalSection(ProjectConfigurationPlatforms) = postSolution
		{2C7A7183-B258-4C07-9715-5BE347C17060}.Debug|Any CPU.ActiveCfg = Debug|Any CPU
		{2C7A7183-B258-4C07-9715-5BE347C17060}.Debug|Any CPU.Build.0 = Debug|Any CPU
		{2C7A7183-B258-4C07-9715-5BE347C17060}.Release|Any CPU.ActiveCfg = Release|Any CPU
		{2C7A7183-B258-4C07-9715-5BE347C17060}.Release|Any CPU.Build.0 = Release|Any CPU
	EndGlobalSection
	GlobalSection(SolutionProperties) = preSolution
		HideSolutionNode = FALSE
	EndGlobalSection
	GlobalSection(ExtensibilityGlobals) = postSolution
		SolutionGuid = {98C49196-17A8-41CC-A990-A781F77D5FBD}
	EndGlobalSection
EndGlobal
