
Microsoft Visual Studio Solution File, Format Version 12.00
# Visual Studio Version 16
VisualStudioVersion = 16.0.31911.196
MinimumVisualStudioVersion = 10.0.40219.1
Project("{FAE04EC0-301F-11D3-BF4B-00C04F79EFBC}") = "Recode", "Recode\Recode.csproj", "{FB01029A-E45F-4DD0-B474-B98484A083FD}"
EndProject
Global
	GlobalSection(SolutionConfigurationPlatforms) = preSolution
		Debug|Any CPU = Debug|Any CPU
		Release|Any CPU = Release|Any CPU
	EndGlobalSection
	GlobalSection(ProjectConfigurationPlatforms) = postSolution
		{FB01029A-E45F-4DD0-B474-B98484A083FD}.Debug|Any CPU.ActiveCfg = Debug|Any CPU
		{FB01029A-E45F-4DD0-B474-B98484A083FD}.Debug|Any CPU.Build.0 = Debug|Any CPU
		{FB01029A-E45F-4DD0-B474-B98484A083FD}.Release|Any CPU.ActiveCfg = Release|Any CPU
		{FB01029A-E45F-4DD0-B474-B98484A083FD}.Release|Any CPU.Build.0 = Release|Any CPU
	EndGlobalSection
	GlobalSection(SolutionProperties) = preSolution
		HideSolutionNode = FALSE
	EndGlobalSection
	GlobalSection(ExtensibilityGlobals) = postSolution
		SolutionGuid = {45B88C04-7C19-43C4-8CC0-25CE4AE164E0}
	EndGlobalSection
EndGlobal
