
Microsoft Visual Studio Solution File, Format Version 12.00
# Visual Studio Version 16
VisualStudioVersion = 16.0.31911.196
MinimumVisualStudioVersion = 10.0.40219.1
Project("{FAE04EC0-301F-11D3-BF4B-00C04F79EFBC}") = "LojaMVC2", "LojaMVC2\LojaMVC2.csproj", "{1D85B79E-7598-4CDD-9733-422C8929FFDE}"
EndProject
Global
	GlobalSection(SolutionConfigurationPlatforms) = preSolution
		Debug|Any CPU = Debug|Any CPU
		Release|Any CPU = Release|Any CPU
	EndGlobalSection
	GlobalSection(ProjectConfigurationPlatforms) = postSolution
		{1D85B79E-7598-4CDD-9733-422C8929FFDE}.Debug|Any CPU.ActiveCfg = Debug|Any CPU
		{1D85B79E-7598-4CDD-9733-422C8929FFDE}.Debug|Any CPU.Build.0 = Debug|Any CPU
		{1D85B79E-7598-4CDD-9733-422C8929FFDE}.Release|Any CPU.ActiveCfg = Release|Any CPU
		{1D85B79E-7598-4CDD-9733-422C8929FFDE}.Release|Any CPU.Build.0 = Release|Any CPU
	EndGlobalSection
	GlobalSection(SolutionProperties) = preSolution
		HideSolutionNode = FALSE
	EndGlobalSection
	GlobalSection(ExtensibilityGlobals) = postSolution
		SolutionGuid = {61246270-FC38-4BFA-9A4E-064B1A731361}
	EndGlobalSection
EndGlobal
